
Microsoft Visual Studio Solution File, Format Version 12.00
# Visual Studio Version 17
VisualStudioVersion = 17.0.31912.275
MinimumVisualStudioVersion = 10.0.40219.1
Project("{FAE04EC0-301F-11D3-BF4B-00C04F79EFBC}") = "CardGame", "CardGame\CardGame.csproj", "{3A1697DD-1387-4CCD-9210-12E55E427332}"
EndProject
Global
	GlobalSection(SolutionConfigurationPlatforms) = preSolution
		Debug|Any CPU = Debug|Any CPU
		Release|Any CPU = Release|Any CPU
	EndGlobalSection
	GlobalSection(ProjectConfigurationPlatforms) = postSolution
		{3A1697DD-1387-4CCD-9210-12E55E427332}.Debug|Any CPU.ActiveCfg = Debug|Any CPU
		{3A1697DD-1387-4CCD-9210-12E55E427332}.Debug|Any CPU.Build.0 = Debug|Any CPU
		{3A1697DD-1387-4CCD-9210-12E55E427332}.Release|Any CPU.ActiveCfg = Release|Any CPU
		{3A1697DD-1387-4CCD-9210-12E55E427332}.Release|Any CPU.Build.0 = Release|Any CPU
	EndGlobalSection
	GlobalSection(SolutionProperties) = preSolution
		HideSolutionNode = FALSE
	EndGlobalSection
	GlobalSection(ExtensibilityGlobals) = postSolution
		SolutionGuid = {B76E9379-86B6-4E5A-AACB-3FD91B503A9A}
	EndGlobalSection
EndGlobal
